// !$*UTF8*$!
{
	archiveVersion = 1;
	classes = {
	};
	objectVersion = 50;
	objects = {

/* Begin PBXBuildFile section */
		6573B32226814875002B8E4C /* AppDelegate.swift in Sources */ = {isa = PBXBuildFile; fileRef = 6573B32126814875002B8E4C /* AppDelegate.swift */; };
		6573B32426814875002B8E4C /* SceneDelegate.swift in Sources */ = {isa = PBXBuildFile; fileRef = 6573B32326814875002B8E4C /* SceneDelegate.swift */; };
		6573B32626814875002B8E4C /* ViewController.swift in Sources */ = {isa = PBXBuildFile; fileRef = 6573B32526814875002B8E4C /* ViewController.swift */; };
		6573B32926814875002B8E4C /* Main.storyboard in Resources */ = {isa = PBXBuildFile; fileRef = 6573B32726814875002B8E4C /* Main.storyboard */; };
		6573B32B26814876002B8E4C /* Assets.xcassets in Resources */ = {isa = PBXBuildFile; fileRef = 6573B32A26814876002B8E4C /* Assets.xcassets */; };
		6573B32E26814876002B8E4C /* LaunchScreen.storyboard in Resources */ = {isa = PBXBuildFile; fileRef = 6573B32C26814876002B8E4C /* LaunchScreen.storyboard */; };
		6573B33926814876002B8E4C /* LoginWithAppDemoTests.swift in Sources */ = {isa = PBXBuildFile; fileRef = 6573B33826814876002B8E4C /* LoginWithAppDemoTests.swift */; };
		6573B34426814876002B8E4C /* LoginWithAppDemoUITests.swift in Sources */ = {isa = PBXBuildFile; fileRef = 6573B34326814876002B8E4C /* LoginWithAppDemoUITests.swift */; };
		6573B3562681492C002B8E4C /* AppleLoginManager.swift in Sources */ = {isa = PBXBuildFile; fileRef = 6573B3552681492C002B8E4C /* AppleLoginManager.swift */; };
/* End PBXBuildFile section */

/* Begin PBXContainerItemProxy section */
		6573B33526814876002B8E4C /* PBXContainerItemProxy */ = {
			isa = PBXContainerItemProxy;
			containerPortal = 6573B31626814875002B8E4C /* Project object */;
			proxyType = 1;
			remoteGlobalIDString = 6573B31D26814875002B8E4C;
			remoteInfo = LoginWithAppDemo;
		};
		6573B34026814876002B8E4C /* PBXContainerItemProxy */ = {
			isa = PBXContainerItemProxy;
			containerPortal = 6573B31626814875002B8E4C /* Project object */;
			proxyType = 1;
			remoteGlobalIDString = 6573B31D26814875002B8E4C;
			remoteInfo = LoginWithAppDemo;
		};
/* End PBXContainerItemProxy section */

/* Begin PBXFileReference section */
		6573B31E26814875002B8E4C /* LoginWithAppDemo.app */ = {isa = PBXFileReference; explicitFileType = wrapper.application; includeInIndex = 0; path = LoginWithAppDemo.app; sourceTree = BUILT_PRODUCTS_DIR; };
		6573B32126814875002B8E4C /* AppDelegate.swift */ = {isa = PBXFileReference; lastKnownFileType = sourcecode.swift; path = AppDelegate.swift; sourceTree = "<group>"; };
		6573B32326814875002B8E4C /* SceneDelegate.swift */ = {isa = PBXFileReference; lastKnownFileType = sourcecode.swift; path = SceneDelegate.swift; sourceTree = "<group>"; };
		6573B32526814875002B8E4C /* ViewController.swift */ = {isa = PBXFileReference; lastKnownFileType = sourcecode.swift; path = ViewController.swift; sourceTree = "<group>"; };
		6573B32826814875002B8E4C /* Base */ = {isa = PBXFileReference; lastKnownFileType = file.storyboard; name = Base; path = Base.lproj/Main.storyboard; sourceTree = "<group>"; };
		6573B32A26814876002B8E4C /* Assets.xcassets */ = {isa = PBXFileReference; lastKnownFileType = folder.assetcatalog; path = Assets.xcassets; sourceTree = "<group>"; };
		6573B32D26814876002B8E4C /* Base */ = {isa = PBXFileReference; lastKnownFileType = file.storyboard; name = Base; path = Base.lproj/LaunchScreen.storyboard; sourceTree = "<group>"; };
		6573B32F26814876002B8E4C /* Info.plist */ = {isa = PBXFileReference; lastKnownFileType = text.plist.xml; path = Info.plist; sourceTree = "<group>"; };
		6573B33426814876002B8E4C /* LoginWithAppDemoTests.xctest */ = {isa = PBXFileReference; explicitFileType = wrapper.cfbundle; includeInIndex = 0; path = LoginWithAppDemoTests.xctest; sourceTree = BUILT_PRODUCTS_DIR; };
		6573B33826814876002B8E4C /* LoginWithAppDemoTests.swift */ = {isa = PBXFileReference; lastKnownFileType = sourcecode.swift; path = LoginWithAppDemoTests.swift; sourceTree = "<group>"; };
		6573B33A26814876002B8E4C /* Info.plist */ = {isa = PBXFileReference; lastKnownFileType = text.plist.xml; path = Info.plist; sourceTree = "<group>"; };
		6573B33F26814876002B8E4C /* LoginWithAppDemoUITests.xctest */ = {isa = PBXFileReference; explicitFileType = wrapper.cfbundle; includeInIndex = 0; path = LoginWithAppDemoUITests.xctest; sourceTree = BUILT_PRODUCTS_DIR; };
		6573B34326814876002B8E4C /* LoginWithAppDemoUITests.swift */ = {isa = PBXFileReference; lastKnownFileType = sourcecode.swift; path = LoginWithAppDemoUITests.swift; sourceTree = "<group>"; };
		6573B34526814876002B8E4C /* Info.plist */ = {isa = PBXFileReference; lastKnownFileType = text.plist.xml; path = Info.plist; sourceTree = "<group>"; };
		6573B3552681492C002B8E4C /* AppleLoginManager.swift */ = {isa = PBXFileReference; lastKnownFileType = sourcecode.swift; path = AppleLoginManager.swift; sourceTree = "<group>"; };
		6573B3572681495E002B8E4C /* LoginWithAppDemo.entitlements */ = {isa = PBXFileReference; lastKnownFileType = text.plist.entitlements; path = LoginWithAppDemo.entitlements; sourceTree = "<group>"; };
/* End PBXFileReference section */

/* Begin PBXFrameworksBuildPhase section */
		6573B31B26814875002B8E4C /* Frameworks */ = {
			isa = PBXFrameworksBuildPhase;
			buildActionMask = 2147483647;
			files = (
			);
			runOnlyForDeploymentPostprocessing = 0;
		};
		6573B33126814876002B8E4C /* Frameworks */ = {
			isa = PBXFrameworksBuildPhase;
			buildActionMask = 2147483647;
			files = (
			);
			runOnlyForDeploymentPostprocessing = 0;
		};
		6573B33C26814876002B8E4C /* Frameworks */ = {
			isa = PBXFrameworksBuildPhase;
			buildActionMask = 2147483647;
			files = (
			);
			runOnlyForDeploymentPostprocessing = 0;
		};
/* End PBXFrameworksBuildPhase section */

/* Begin PBXGroup section */
		6573B31526814875002B8E4C = {
			isa = PBXGroup;
			children = (
				6573B32026814875002B8E4C /* LoginWithAppDemo */,
				6573B33726814876002B8E4C /* LoginWithAppDemoTests */,
				6573B34226814876002B8E4C /* LoginWithAppDemoUITests */,
				6573B31F26814875002B8E4C /* Products */,
			);
			sourceTree = "<group>";
		};
		6573B31F26814875002B8E4C /* Products */ = {
			isa = PBXGroup;
			children = (
				6573B31E26814875002B8E4C /* LoginWithAppDemo.app */,
				6573B33426814876002B8E4C /* LoginWithAppDemoTests.xctest */,
				6573B33F26814876002B8E4C /* LoginWithAppDemoUITests.xctest */,
			);
			name = Products;
			sourceTree = "<group>";
		};
		6573B32026814875002B8E4C /* LoginWithAppDemo */ = {
			isa = PBXGroup;
			children = (
				6573B3572681495E002B8E4C /* LoginWithAppDemo.entitlements */,
				6573B3512681488E002B8E4C /* Shared */,
				6573B353268148CC002B8E4C /* Views */,
				6573B352268148B3002B8E4C /* Assets */,
			);
			path = LoginWithAppDemo;
			sourceTree = "<group>";
		};
		6573B33726814876002B8E4C /* LoginWithAppDemoTests */ = {
			isa = PBXGroup;
			children = (
				6573B33826814876002B8E4C /* LoginWithAppDemoTests.swift */,
				6573B33A26814876002B8E4C /* Info.plist */,
			);
			path = LoginWithAppDemoTests;
			sourceTree = "<group>";
		};
		6573B34226814876002B8E4C /* LoginWithAppDemoUITests */ = {
			isa = PBXGroup;
			children = (
				6573B34326814876002B8E4C /* LoginWithAppDemoUITests.swift */,
				6573B34526814876002B8E4C /* Info.plist */,
			);
			path = LoginWithAppDemoUITests;
			sourceTree = "<group>";
		};
		6573B3512681488E002B8E4C /* Shared */ = {
			isa = PBXGroup;
			children = (
				6573B3542681490E002B8E4C /* Managers */,
				6573B32126814875002B8E4C /* AppDelegate.swift */,
				6573B32326814875002B8E4C /* SceneDelegate.swift */,
			);
			path = Shared;
			sourceTree = "<group>";
		};
		6573B352268148B3002B8E4C /* Assets */ = {
			isa = PBXGroup;
			children = (
				6573B32A26814876002B8E4C /* Assets.xcassets */,
				6573B32C26814876002B8E4C /* LaunchScreen.storyboard */,
				6573B32F26814876002B8E4C /* Info.plist */,
			);
			path = Assets;
			sourceTree = "<group>";
		};
		6573B353268148CC002B8E4C /* Views */ = {
			isa = PBXGroup;
			children = (
				6573B32526814875002B8E4C /* ViewController.swift */,
				6573B32726814875002B8E4C /* Main.storyboard */,
			);
			path = Views;
			sourceTree = "<group>";
		};
		6573B3542681490E002B8E4C /* Managers */ = {
			isa = PBXGroup;
			children = (
				6573B3552681492C002B8E4C /* AppleLoginManager.swift */,
			);
			path = Managers;
			sourceTree = "<group>";
		};
/* End PBXGroup section */

/* Begin PBXNativeTarget section */
		6573B31D26814875002B8E4C /* LoginWithAppDemo */ = {
			isa = PBXNativeTarget;
			buildConfigurationList = 6573B34826814876002B8E4C /* Build configuration list for PBXNativeTarget "LoginWithAppDemo" */;
			buildPhases = (
				6573B31A26814875002B8E4C /* Sources */,
				6573B31B26814875002B8E4C /* Frameworks */,
				6573B31C26814875002B8E4C /* Resources */,
			);
			buildRules = (
			);
			dependencies = (
			);
			name = LoginWithAppDemo;
			productName = LoginWithAppDemo;
			productReference = 6573B31E26814875002B8E4C /* LoginWithAppDemo.app */;
			productType = "com.apple.product-type.application";
		};
		6573B33326814876002B8E4C /* LoginWithAppDemoTests */ = {
			isa = PBXNativeTarget;
			buildConfigurationList = 6573B34B26814876002B8E4C /* Build configuration list for PBXNativeTarget "LoginWithAppDemoTests" */;
			buildPhases = (
				6573B33026814876002B8E4C /* Sources */,
				6573B33126814876002B8E4C /* Frameworks */,
				6573B33226814876002B8E4C /* Resources */,
			);
			buildRules = (
			);
			dependencies = (
				6573B33626814876002B8E4C /* PBXTargetDependency */,
			);
			name = LoginWithAppDemoTests;
			productName = LoginWithAppDemoTests;
			productReference = 6573B33426814876002B8E4C /* LoginWithAppDemoTests.xctest */;
			productType = "com.apple.product-type.bundle.unit-test";
		};
		6573B33E26814876002B8E4C /* LoginWithAppDemoUITests */ = {
			isa = PBXNativeTarget;
			buildConfigurationList = 6573B34E26814876002B8E4C /* Build configuration list for PBXNativeTarget "LoginWithAppDemoUITests" */;
			buildPhases = (
				6573B33B26814876002B8E4C /* Sources */,
				6573B33C26814876002B8E4C /* Frameworks */,
				6573B33D26814876002B8E4C /* Resources */,
			);
			buildRules = (
			);
			dependencies = (
				6573B34126814876002B8E4C /* PBXTargetDependency */,
			);
			name = LoginWithAppDemoUITests;
			productName = LoginWithAppDemoUITests;
			productReference = 6573B33F26814876002B8E4C /* LoginWithAppDemoUITests.xctest */;
			productType = "com.apple.product-type.bundle.ui-testing";
		};
/* End PBXNativeTarget section */

/* Begin PBXProject section */
		6573B31626814875002B8E4C /* Project object */ = {
			isa = PBXProject;
			attributes = {
				LastSwiftUpdateCheck = 1250;
				LastUpgradeCheck = 1250;
				TargetAttributes = {
					6573B31D26814875002B8E4C = {
						CreatedOnToolsVersion = 12.5;
					};
					6573B33326814876002B8E4C = {
						CreatedOnToolsVersion = 12.5;
						TestTargetID = 6573B31D26814875002B8E4C;
					};
					6573B33E26814876002B8E4C = {
						CreatedOnToolsVersion = 12.5;
						TestTargetID = 6573B31D26814875002B8E4C;
					};
				};
			};
			buildConfigurationList = 6573B31926814875002B8E4C /* Build configuration list for PBXProject "LoginWithAppDemo" */;
			compatibilityVersion = "Xcode 9.3";
			developmentRegion = en;
			hasScannedForEncodings = 0;
			knownRegions = (
				en,
				Base,
			);
			mainGroup = 6573B31526814875002B8E4C;
			productRefGroup = 6573B31F26814875002B8E4C /* Products */;
			projectDirPath = "";
			projectRoot = "";
			targets = (
				6573B31D26814875002B8E4C /* LoginWithAppDemo */,
				6573B33326814876002B8E4C /* LoginWithAppDemoTests */,
				6573B33E26814876002B8E4C /* LoginWithAppDemoUITests */,
			);
		};
/* End PBXProject section */

/* Begin PBXResourcesBuildPhase section */
		6573B31C26814875002B8E4C /* Resources */ = {
			isa = PBXResourcesBuildPhase;
			buildActionMask = 2147483647;
			files = (
				6573B32E26814876002B8E4C /* LaunchScreen.storyboard in Resources */,
				6573B32B26814876002B8E4C /* Assets.xcassets in Resources */,
				6573B32926814875002B8E4C /* Main.storyboard in Resources */,
			);
			runOnlyForDeploymentPostprocessing = 0;
		};
		6573B33226814876002B8E4C /* Resources */ = {
			isa = PBXResourcesBuildPhase;
			buildActionMask = 2147483647;
			files = (
			);
			runOnlyForDeploymentPostprocessing = 0;
		};
		6573B33D26814876002B8E4C /* Resources */ = {
			isa = PBXResourcesBuildPhase;
			buildActionMask = 2147483647;
			files = (
			);
			runOnlyForDeploymentPostprocessing = 0;
		};
/* End PBXResourcesBuildPhase section */

/* Begin PBXSourcesBuildPhase section */
		6573B31A26814875002B8E4C /* Sources */ = {
			isa = PBXSourcesBuildPhase;
			buildActionMask = 2147483647;
			files = (
				6573B3562681492C002B8E4C /* AppleLoginManager.swift in Sources */,
				6573B32626814875002B8E4C /* ViewController.swift in Sources */,
				6573B32226814875002B8E4C /* AppDelegate.swift in Sources */,
				6573B32426814875002B8E4C /* SceneDelegate.swift in Sources */,
			);
			runOnlyForDeploymentPostprocessing = 0;
		};
		6573B33026814876002B8E4C /* Sources */ = {
			isa = PBXSourcesBuildPhase;
			buildActionMask = 2147483647;
			files = (
				6573B33926814876002B8E4C /* LoginWithAppDemoTests.swift in Sources */,
			);
			runOnlyForDeploymentPostprocessing = 0;
		};
		6573B33B26814876002B8E4C /* Sources */ = {
			isa = PBXSourcesBuildPhase;
			buildActionMask = 2147483647;
			files = (
				6573B34426814876002B8E4C /* LoginWithAppDemoUITests.swift in Sources */,
			);
			runOnlyForDeploymentPostprocessing = 0;
		};
/* End PBXSourcesBuildPhase section */

/* Begin PBXTargetDependency section */
		6573B33626814876002B8E4C /* PBXTargetDependency */ = {
			isa = PBXTargetDependency;
			target = 6573B31D26814875002B8E4C /* LoginWithAppDemo */;
			targetProxy = 6573B33526814876002B8E4C /* PBXContainerItemProxy */;
		};
		6573B34126814876002B8E4C /* PBXTargetDependency */ = {
			isa = PBXTargetDependency;
			target = 6573B31D26814875002B8E4C /* LoginWithAppDemo */;
			targetProxy = 6573B34026814876002B8E4C /* PBXContainerItemProxy */;
		};
/* End PBXTargetDependency section */

/* Begin PBXVariantGroup section */
		6573B32726814875002B8E4C /* Main.storyboard */ = {
			isa = PBXVariantGroup;
			children = (
				6573B32826814875002B8E4C /* Base */,
			);
			name = Main.storyboard;
			sourceTree = "<group>";
		};
		6573B32C26814876002B8E4C /* LaunchScreen.storyboard */ = {
			isa = PBXVariantGroup;
			children = (
				6573B32D26814876002B8E4C /* Base */,
			);
			name = LaunchScreen.storyboard;
			sourceTree = "<group>";
		};
/* End PBXVariantGroup section */

/* Begin XCBuildConfiguration section */
		6573B34626814876002B8E4C /* Debug */ = {
			isa = XCBuildConfiguration;
			buildSettings = {
				ALWAYS_SEARCH_USER_PATHS = NO;
				CLANG_ANALYZER_NONNULL = YES;
				CLANG_ANALYZER_NUMBER_OBJECT_CONVERSION = YES_AGGRESSIVE;
				CLANG_CXX_LANGUAGE_STANDARD = "gnu++14";
				CLANG_CXX_LIBRARY = "libc++";
				CLANG_ENABLE_MODULES = YES;
				CLANG_ENABLE_OBJC_ARC = YES;
				CLANG_ENABLE_OBJC_WEAK = YES;
				CLANG_WARN_BLOCK_CAPTURE_AUTORELEASING = YES;
				CLANG_WARN_BOOL_CONVERSION = YES;
				CLANG_WARN_COMMA = YES;
				CLANG_WARN_CONSTANT_CONVERSION = YES;
				CLANG_WARN_DEPRECATED_OBJC_IMPLEMENTATIONS = YES;
				CLANG_WARN_DIRECT_OBJC_ISA_USAGE = YES_ERROR;
				CLANG_WARN_DOCUMENTATION_COMMENTS = YES;
				CLANG_WARN_EMPTY_BODY = YES;
				CLANG_WARN_ENUM_CONVERSION = YES;
				CLANG_WARN_INFINITE_RECURSION = YES;
				CLANG_WARN_INT_CONVERSION = YES;
				CLANG_WARN_NON_LITERAL_NULL_CONVERSION = YES;
				CLANG_WARN_OBJC_IMPLICIT_RETAIN_SELF = YES;
				CLANG_WARN_OBJC_LITERAL_CONVERSION = YES;
				CLANG_WARN_OBJC_ROOT_CLASS = YES_ERROR;
				CLANG_WARN_QUOTED_INCLUDE_IN_FRAMEWORK_HEADER = YES;
				CLANG_WARN_RANGE_LOOP_ANALYSIS = YES;
				CLANG_WARN_STRICT_PROTOTYPES = YES;
				CLANG_WARN_SUSPICIOUS_MOVE = YES;
				CLANG_WARN_UNGUARDED_AVAILABILITY = YES_AGGRESSIVE;
				CLANG_WARN_UNREACHABLE_CODE = YES;
				CLANG_WARN__DUPLICATE_METHOD_MATCH = YES;
				COPY_PHASE_STRIP = NO;
				DEBUG_INFORMATION_FORMAT = dwarf;
				ENABLE_STRICT_OBJC_MSGSEND = YES;
				ENABLE_TESTABILITY = YES;
				GCC_C_LANGUAGE_STANDARD = gnu11;
				GCC_DYNAMIC_NO_PIC = NO;
				GCC_NO_COMMON_BLOCKS = YES;
				GCC_OPTIMIZATION_LEVEL = 0;
				GCC_PREPROCESSOR_DEFINITIONS = (
					"DEBUG=1",
					"$(inherited)",
				);
				GCC_WARN_64_TO_32_BIT_CONVERSION = YES;
				GCC_WARN_ABOUT_RETURN_TYPE = YES_ERROR;
				GCC_WARN_UNDECLARED_SELECTOR = YES;
				GCC_WARN_UNINITIALIZED_AUTOS = YES_AGGRESSIVE;
				GCC_WARN_UNUSED_FUNCTION = YES;
				GCC_WARN_UNUSED_VARIABLE = YES;
				IPHONEOS_DEPLOYMENT_TARGET = 14.5;
				MTL_ENABLE_DEBUG_INFO = INCLUDE_SOURCE;
				MTL_FAST_MATH = YES;
				ONLY_ACTIVE_ARCH = YES;
				SDKROOT = iphoneos;
				SWIFT_ACTIVE_COMPILATION_CONDITIONS = DEBUG;
				SWIFT_OPTIMIZATION_LEVEL = "-Onone";
			};
			name = Debug;
		};
		6573B34726814876002B8E4C /* Release */ = {
			isa = XCBuildConfiguration;
			buildSettings = {
				ALWAYS_SEARCH_USER_PATHS = NO;
				CLANG_ANALYZER_NONNULL = YES;
				CLANG_ANALYZER_NUMBER_OBJECT_CONVERSION = YES_AGGRESSIVE;
				CLANG_CXX_LANGUAGE_STANDARD = "gnu++14";
				CLANG_CXX_LIBRARY = "libc++";
				CLANG_ENABLE_MODULES = YES;
				CLANG_ENABLE_OBJC_ARC = YES;
				CLANG_ENABLE_OBJC_WEAK = YES;
				CLANG_WARN_BLOCK_CAPTURE_AUTORELEASING = YES;
				CLANG_WARN_BOOL_CONVERSION = YES;
				CLANG_WARN_COMMA = YES;
				CLANG_WARN_CONSTANT_CONVERSION = YES;
				CLANG_WARN_DEPRECATED_OBJC_IMPLEMENTATIONS = YES;
				CLANG_WARN_DIRECT_OBJC_ISA_USAGE = YES_ERROR;
				CLANG_WARN_DOCUMENTATION_COMMENTS = YES;
				CLANG_WARN_EMPTY_BODY = YES;
				CLANG_WARN_ENUM_CONVERSION = YES;
				CLANG_WARN_INFINITE_RECURSION = YES;
				CLANG_WARN_INT_CONVERSION = YES;
				CLANG_WARN_NON_LITERAL_NULL_CONVERSION = YES;
				CLANG_WARN_OBJC_IMPLICIT_RETAIN_SELF = YES;
				CLANG_WARN_OBJC_LITERAL_CONVERSION = YES;
				CLANG_WARN_OBJC_ROOT_CLASS = YES_ERROR;
				CLANG_WARN_QUOTED_INCLUDE_IN_FRAMEWORK_HEADER = YES;
				CLANG_WARN_RANGE_LOOP_ANALYSIS = YES;
				CLANG_WARN_STRICT_PROTOTYPES = YES;
				CLANG_WARN_SUSPICIOUS_MOVE = YES;
				CLANG_WARN_UNGUARDED_AVAILABILITY = YES_AGGRESSIVE;
				CLANG_WARN_UNREACHABLE_CODE = YES;
				CLANG_WARN__DUPLICATE_METHOD_MATCH = YES;
				COPY_PHASE_STRIP = NO;
				DEBUG_INFORMATION_FORMAT = "dwarf-with-dsym";
				ENABLE_NS_ASSERTIONS = NO;
				ENABLE_STRICT_OBJC_MSGSEND = YES;
				GCC_C_LANGUAGE_STANDARD = gnu11;
				GCC_NO_COMMON_BLOCKS = YES;
				GCC_WARN_64_TO_32_BIT_CONVERSION = YES;
				GCC_WARN_ABOUT_RETURN_TYPE = YES_ERROR;
				GCC_WARN_UNDECLARED_SELECTOR = YES;
				GCC_WARN_UNINITIALIZED_AUTOS = YES_AGGRESSIVE;
				GCC_WARN_UNUSED_FUNCTION = YES;
				GCC_WARN_UNUSED_VARIABLE = YES;
				IPHONEOS_DEPLOYMENT_TARGET = 14.5;
				MTL_ENABLE_DEBUG_INFO = NO;
				MTL_FAST_MATH = YES;
				SDKROOT = iphoneos;
				SWIFT_COMPILATION_MODE = wholemodule;
				SWIFT_OPTIMIZATION_LEVEL = "-O";
				VALIDATE_PRODUCT = YES;
			};
			name = Release;
		};
		6573B34926814876002B8E4C /* Debug */ = {
			isa = XCBuildConfiguration;
			buildSettings = {
				ASSETCATALOG_COMPILER_APPICON_NAME = AppIcon;
				ASSETCATALOG_COMPILER_GLOBAL_ACCENT_COLOR_NAME = AccentColor;
				CODE_SIGN_ENTITLEMENTS = LoginWithAppDemo/LoginWithAppDemo.entitlements;
				CODE_SIGN_STYLE = Automatic;
				DEVELOPMENT_TEAM = Y52CTHF5NC;
				INFOPLIST_FILE = "$(SRCROOT)/LoginWithAppDemo/Assets/Info.plist";
				LD_RUNPATH_SEARCH_PATHS = (
					"$(inherited)",
					"@executable_path/Frameworks",
				);
				PRODUCT_BUNDLE_IDENTIFIER = com.moharam.test;
				PRODUCT_NAME = "$(TARGET_NAME)";
				SWIFT_VERSION = 5.0;
				TARGETED_DEVICE_FAMILY = 1;
			};
			name = Debug;
		};
		6573B34A26814876002B8E4C /* Release */ = {
			isa = XCBuildConfiguration;
			buildSettings = {
				ASSETCATALOG_COMPILER_APPICON_NAME = AppIcon;
				ASSETCATALOG_COMPILER_GLOBAL_ACCENT_COLOR_NAME = AccentColor;
				CODE_SIGN_ENTITLEMENTS = LoginWithAppDemo/LoginWithAppDemo.entitlements;
				CODE_SIGN_STYLE = Automatic;
				DEVELOPMENT_TEAM = Y52CTHF5NC;
				INFOPLIST_FILE = "$(SRCROOT)/LoginWithAppDemo/Assets/Info.plist";
				LD_RUNPATH_SEARCH_PATHS = (
					"$(inherited)",
					"@executable_path/Frameworks",
				);
				PRODUCT_BUNDLE_IDENTIFIER = com.moharam.test;
				PRODUCT_NAME = "$(TARGET_NAME)";
				SWIFT_VERSION = 5.0;
				TARGETED_DEVICE_FAMILY = 1;
			};
			name = Release;
		};
		6573B34C26814876002B8E4C /* Debug */ = {
			isa = XCBuildConfiguration;
			buildSettings = {
				ALWAYS_EMBED_SWIFT_STANDARD_LIBRARIES = YES;
				BUNDLE_LOADER = "$(TEST_HOST)";
				CODE_SIGN_STYLE = Automatic;
				INFOPLIST_FILE = LoginWithAppDemoTests/Info.plist;
				IPHONEOS_DEPLOYMENT_TARGET = 14.5;
				LD_RUNPATH_SEARCH_PATHS = (
					"$(inherited)",
					"@executable_path/Frameworks",
					"@loader_path/Frameworks",
				);
				PRODUCT_BUNDLE_IDENTIFIER = com.moharam.ios.LoginWithAppDemoTests;
				PRODUCT_NAME = "$(TARGET_NAME)";
				SWIFT_VERSION = 5.0;
				TARGETED_DEVICE_FAMILY = "1,2";
				TEST_HOST = "$(BUILT_PRODUCTS_DIR)/LoginWithAppDemo.app/LoginWithAppDemo";
			};
			name = Debug;
		};
		6573B34D26814876002B8E4C /* Release */ = {
			isa = XCBuildConfiguration;
			buildSettings = {
				ALWAYS_EMBED_SWIFT_STANDARD_LIBRARIES = YES;
				BUNDLE_LOADER = "$(TEST_HOST)";
				CODE_SIGN_STYLE = Automatic;
				INFOPLIST_FILE = LoginWithAppDemoTests/Info.plist;
				IPHONEOS_DEPLOYMENT_TARGET = 14.5;
				LD_RUNPATH_SEARCH_PATHS = (
					"$(inherited)",
					"@executable_path/Frameworks",
					"@loader_path/Frameworks",
				);
				PRODUCT_BUNDLE_IDENTIFIER = com.moharam.ios.LoginWithAppDemoTests;
				PRODUCT_NAME = "$(TARGET_NAME)";
				SWIFT_VERSION = 5.0;
				TARGETED_DEVICE_FAMILY = "1,2";
				TEST_HOST = "$(BUILT_PRODUCTS_DIR)/LoginWithAppDemo.app/LoginWithAppDemo";
			};
			name = Release;
		};
		6573B34F26814876002B8E4C /* Debug */ = {
			isa = XCBuildConfiguration;
			buildSettings = {
				ALWAYS_EMBED_SWIFT_STANDARD_LIBRARIES = YES;
				CODE_SIGN_STYLE = Automatic;
				INFOPLIST_FILE = LoginWithAppDemoUITests/Info.plist;
				LD_RUNPATH_SEARCH_PATHS = (
					"$(inherited)",
					"@executable_path/Frameworks",
					"@loader_path/Frameworks",
				);
				PRODUCT_BUNDLE_IDENTIFIER = com.moharam.ios.LoginWithAppDemoUITests;
				PRODUCT_NAME = "$(TARGET_NAME)";
				SWIFT_VERSION = 5.0;
				TARGETED_DEVICE_FAMILY = "1,2";
				TEST_TARGET_NAME = LoginWithAppDemo;
			};
			name = Debug;
		};
		6573B35026814876002B8E4C /* Release */ = {
			isa = XCBuildConfiguration;
			buildSettings = {
				ALWAYS_EMBED_SWIFT_STANDARD_LIBRARIES = YES;
				CODE_SIGN_STYLE = Automatic;
				INFOPLIST_FILE = LoginWithAppDemoUITests/Info.plist;
				LD_RUNPATH_SEARCH_PATHS = (
					"$(inherited)",
					"@executable_path/Frameworks",
					"@loader_path/Frameworks",
				);
				PRODUCT_BUNDLE_IDENTIFIER = com.moharam.ios.LoginWithAppDemoUITests;
				PRODUCT_NAME = "$(TARGET_NAME)";
				SWIFT_VERSION = 5.0;
				TARGETED_DEVICE_FAMILY = "1,2";
				TEST_TARGET_NAME = LoginWithAppDemo;
			};
			name = Release;
		};
/* End XCBuildConfiguration section */

/* Begin XCConfigurationList section */
		6573B31926814875002B8E4C /* Build configuration list for PBXProject "LoginWithAppDemo" */ = {
			isa = XCConfigurationList;
			buildConfigurations = (
				6573B34626814876002B8E4C /* Debug */,
				6573B34726814876002B8E4C /* Release */,
			);
			defaultConfigurationIsVisible = 0;
			defaultConfigurationName = Release;
		};
		6573B34826814876002B8E4C /* Build configuration list for PBXNativeTarget "LoginWithAppDemo" */ = {
			isa = XCConfigurationList;
			buildConfigurations = (
				6573B34926814876002B8E4C /* Debug */,
				6573B34A26814876002B8E4C /* Release */,
			);
			defaultConfigurationIsVisible = 0;
			defaultConfigurationName = Release;
		};
		6573B34B26814876002B8E4C /* Build configuration list for PBXNativeTarget "LoginWithAppDemoTests" */ = {
			isa = XCConfigurationList;
			buildConfigurations = (
				6573B34C26814876002B8E4C /* Debug */,
				6573B34D26814876002B8E4C /* Release */,
			);
			defaultConfigurationIsVisible = 0;
			defaultConfigurationName = Release;
		};
		6573B34E26814876002B8E4C /* Build configuration list for PBXNativeTarget "LoginWithAppDemoUITests" */ = {
			isa = XCConfigurationList;
			buildConfigurations = (
				6573B34F26814876002B8E4C /* Debug */,
				6573B35026814876002B8E4C /* Release */,
			);
			defaultConfigurationIsVisible = 0;
			defaultConfigurationName = Release;
		};
/* End XCConfigurationList section */
	};
	rootObject = 6573B31626814875002B8E4C /* Project object */;
}
